hash: bb375bbe58d52031d1bb0600db0554ba28216ecbe80454c3ebf0680e83652a8c
updated: 2018-11-24T19:43:06.661198+08:00
imports:
- name: github.com/gin-gonic/gin
  version: b869fe1415e4b9eb52f247441830d502aece2d4d
- name: github.com/labstack/echo
  version: c7eb8da9ec73e78c4f38413f3f835e0cd52c7d72
- name: github.com/labstack/gommon
  version: 7fd9f68ece0bcb1a905fac8f1549f0083f71c51b
  subpackages:
  - color
  - log
- name: github.com/mattn/go-colorable
  version: efa589957cd060542a26d2dd7832fd6a6c6c3ade
- name: github.com/mattn/go-isatty
  version: 3fb116b820352b7f0c281308a4d6250c22d94e27
- name: github.com/valyala/bytebufferpool
  version: cdfbe9377474227bb42120c1e22fd4433e7f69bf
- name: github.com/valyala/fasttemplate
  version: dcecefd839c4193db0d35b88ec65b4c12d360ab0
- name: golang.org/x/crypto
  version: 3d3f9f413869b949e48070b5bc593aa22cc2b8f2
  subpackages:
  - acme
  - acme/autocert
- name: golang.org/x/sys
  version: 66b7b1311ac80bbafcd2daeef9a5e6e2cd1e2399
  subpackages:
  - unix
testImports: []
